{
  "name": "node-word2vec",
  "version": "0.0.7",
  "lockfileVersion": 1,
  "requires": true,
  "dependencies": {
    "@types/node": {
      "version": "8.0.30",
      "resolved": "https://registry.npmjs.org/@types/node/-/node-8.0.30.tgz",
      "integrity": "sha512-IaQtG3DWe9gRsmk1DqNnYyRVjGDVcBdZywkRVF2f62Boe8XKmlR7lNcwC6pk4V4W8nk+Zu+vdGMsOdRTDj1JPA=="
    }
  }
}
